
Microsoft Visual Studio Solution File, Format Version 12.00
# Visual Studio 2013
VisualStudioVersion = 12.0.30501.0
MinimumVisualStudioVersion = 10.0.40219.1
Project("{8BC9CEB8-8B4A-11D0-8D11-00A0C91BC942}") = "Hazel", "Hazel\Hazel.vcxproj", "{FD1B0DB9-ECC3-4AFC-8725-17196387A5B5}"
EndProject
Project("{8BC9CEB8-8B4A-11D0-8D11-00A0C91BC942}") = "Sandbox", "Sandbox\Sandbox.vcxproj", "{B0C58C42-04CC-4302-AC4F-40BCCCC461CA}"
EndProject
Global
	GlobalSection(SolutionConfigurationPlatforms) = preSolution
		Debug|x64 = Debug|x64
		Release|x64 = Release|x64
	EndGlobalSection
	GlobalSection(ProjectConfigurationPlatforms) = postSolution
		{FD1B0DB9-ECC3-4AFC-8725-17196387A5B5}.Debug|x64.ActiveCfg = Debug|x64
		{FD1B0DB9-ECC3-4AFC-8725-17196387A5B5}.Debug|x64.Build.0 = Debug|x64
		{FD1B0DB9-ECC3-4AFC-8725-17196387A5B5}.Release|x64.ActiveCfg = Release|x64
		{FD1B0DB9-ECC3-4AFC-8725-17196387A5B5}.Release|x64.Build.0 = Release|x64
		{B0C58C42-04CC-4302-AC4F-40BCCCC461CA}.Debug|x64.ActiveCfg = Debug|x64
		{B0C58C42-04CC-4302-AC4F-40BCCCC461CA}.Debug|x64.Build.0 = Debug|x64
		{B0C58C42-04CC-4302-AC4F-40BCCCC461CA}.Release|x64.ActiveCfg = Release|x64
		{B0C58C42-04CC-4302-AC4F-40BCCCC461CA}.Release|x64.Build.0 = Release|x64
	EndGlobalSection
	GlobalSection(SolutionProperties) = preSolution
		HideSolutionNode = FALSE
	EndGlobalSection
EndGlobal
